// !$*UTF8*$!
{
	archiveVersion = 1;
	classes = {
	};
	objectVersion = 51;
	objects = {

/* Begin PBXBuildFile section */
		07BB7817818AB87ADE236BBA /* Pods_Tonmangram.framework in Frameworks */ = {isa = PBXBuildFile; fileRef = CF6677944676C7D5CBC09AF1 /* Pods_Tonmangram.framework */; };
		1938EF9FED3998165F945B7B /* Pods_Tonmangram_TonmangramUITests.framework in Frameworks */ = {isa = PBXBuildFile; fileRef = DC2B8A021E4DA5300DAFCC11 /* Pods_Tonmangram_TonmangramUITests.framework */; };
		4DFE6C4B27214EB900CBEEF0 /* AppDelegate.swift in Sources */ = {isa = PBXBuildFile; fileRef = 4DFE6C4A27214EB900CBEEF0 /* AppDelegate.swift */; };
		4DFE6C5427214EBC00CBEEF0 /* Assets.xcassets in Resources */ = {isa = PBXBuildFile; fileRef = 4DFE6C5327214EBC00CBEEF0 /* Assets.xcassets */; };
		4DFE6C5727214EBC00CBEEF0 /* LaunchScreen.storyboard in Resources */ = {isa = PBXBuildFile; fileRef = 4DFE6C5527214EBC00CBEEF0 /* LaunchScreen.storyboard */; };
		4DFE6C6227214EBD00CBEEF0 /* TonmangramTests.swift in Sources */ = {isa = PBXBuildFile; fileRef = 4DFE6C6127214EBD00CBEEF0 /* TonmangramTests.swift */; };
		4DFE6C6D27214EBD00CBEEF0 /* TonmangramUITests.swift in Sources */ = {isa = PBXBuildFile; fileRef = 4DFE6C6C27214EBD00CBEEF0 /* TonmangramUITests.swift */; };
		4DFE6C7C2721556600CBEEF0 /* WelcomeViewController.swift in Sources */ = {isa = PBXBuildFile; fileRef = 4DFE6C7B2721556600CBEEF0 /* WelcomeViewController.swift */; };
		4DFE6C7F2721597700CBEEF0 /* UIFontExtension.swift in Sources */ = {isa = PBXBuildFile; fileRef = 4DFE6C7E2721597700CBEEF0 /* UIFontExtension.swift */; };
		4DFE6C82272159B200CBEEF0 /* UIButtonExtension.swift in Sources */ = {isa = PBXBuildFile; fileRef = 4DFE6C81272159B200CBEEF0 /* UIButtonExtension.swift */; };
		4DFE6C842721972000CBEEF0 /* AuthViewController.swift in Sources */ = {isa = PBXBuildFile; fileRef = 4DFE6C832721972000CBEEF0 /* AuthViewController.swift */; };
		4DFE6C872721A6A000CBEEF0 /* UIViewExtension.swift in Sources */ = {isa = PBXBuildFile; fileRef = 4DFE6C862721A6A000CBEEF0 /* UIViewExtension.swift */; };
		F02030D59C756E03DB572864 /* Pods_TonmangramTests.framework in Frameworks */ = {isa = PBXBuildFile; fileRef = C61D652F8459DDD77D3417AD /* Pods_TonmangramTests.framework */; };
/* End PBXBuildFile section */

/* Begin PBXContainerItemProxy section */
		4DFE6C5E27214EBD00CBEEF0 /* PBXContainerItemProxy */ = {
			isa = PBXContainerItemProxy;
			containerPortal = 4DFE6C3F27214EB900CBEEF0 /* Project object */;
			proxyType = 1;
			remoteGlobalIDString = 4DFE6C4627214EB900CBEEF0;
			remoteInfo = Tonmangram;
		};
		4DFE6C6927214EBD00CBEEF0 /* PBXContainerItemProxy */ = {
			isa = PBXContainerItemProxy;
			containerPortal = 4DFE6C3F27214EB900CBEEF0 /* Project object */;
			proxyType = 1;
			remoteGlobalIDString = 4DFE6C4627214EB900CBEEF0;
			remoteInfo = Tonmangram;
		};
/* End PBXContainerItemProxy section */

/* Begin PBXFileReference section */
		2EEDD7DA4D46CF750491F48A /* Pods-TonmangramTests.debug.xcconfig */ = {isa = PBXFileReference; includeInIndex = 1; lastKnownFileType = text.xcconfig; name = "Pods-TonmangramTests.debug.xcconfig"; path = "Target Support Files/Pods-TonmangramTests/Pods-TonmangramTests.debug.xcconfig"; sourceTree = "<group>"; };
		2FC9EF59C380DB124C419321 /* Pods-Tonmangram-TonmangramUITests.debug.xcconfig */ = {isa = PBXFileReference; includeInIndex = 1; lastKnownFileType = text.xcconfig; name = "Pods-Tonmangram-TonmangramUITests.debug.xcconfig"; path = "Target Support Files/Pods-Tonmangram-TonmangramUITests/Pods-Tonmangram-TonmangramUITests.debug.xcconfig"; sourceTree = "<group>"; };
		4DFE6C4727214EB900CBEEF0 /* Tonmangram.app */ = {isa = PBXFileReference; explicitFileType = wrapper.application; includeInIndex = 0; path = Tonmangram.app; sourceTree = BUILT_PRODUCTS_DIR; };
		4DFE6C4A27214EB900CBEEF0 /* AppDelegate.swift */ = {isa = PBXFileReference; lastKnownFileType = sourcecode.swift; path = AppDelegate.swift; sourceTree = "<group>"; };
		4DFE6C5327214EBC00CBEEF0 /* Assets.xcassets */ = {isa = PBXFileReference; lastKnownFileType = folder.assetcatalog; path = Assets.xcassets; sourceTree = "<group>"; };
		4DFE6C5627214EBC00CBEEF0 /* Base */ = {isa = PBXFileReference; lastKnownFileType = file.storyboard; name = Base; path = Base.lproj/LaunchScreen.storyboard; sourceTree = "<group>"; };
		4DFE6C5827214EBC00CBEEF0 /* Info.plist */ = {isa = PBXFileReference; lastKnownFileType = text.plist.xml; path = Info.plist; sourceTree = "<group>"; };
		4DFE6C5D27214EBD00CBEEF0 /* TonmangramTests.xctest */ = {isa = PBXFileReference; explicitFileType = wrapper.cfbundle; includeInIndex = 0; path = TonmangramTests.xctest; sourceTree = BUILT_PRODUCTS_DIR; };
		4DFE6C6127214EBD00CBEEF0 /* TonmangramTests.swift */ = {isa = PBXFileReference; lastKnownFileType = sourcecode.swift; path = TonmangramTests.swift; sourceTree = "<group>"; };
		4DFE6C6327214EBD00CBEEF0 /* Info.plist */ = {isa = PBXFileReference; lastKnownFileType = text.plist.xml; path = Info.plist; sourceTree = "<group>"; };
		4DFE6C6827214EBD00CBEEF0 /* TonmangramUITests.xctest */ = {isa = PBXFileReference; explicitFileType = wrapper.cfbundle; includeInIndex = 0; path = TonmangramUITests.xctest; sourceTree = BUILT_PRODUCTS_DIR; };
		4DFE6C6C27214EBD00CBEEF0 /* TonmangramUITests.swift */ = {isa = PBXFileReference; lastKnownFileType = sourcecode.swift; path = TonmangramUITests.swift; sourceTree = "<group>"; };
		4DFE6C6E27214EBD00CBEEF0 /* Info.plist */ = {isa = PBXFileReference; lastKnownFileType = text.plist.xml; path = Info.plist; sourceTree = "<group>"; };
		4DFE6C7B2721556600CBEEF0 /* WelcomeViewController.swift */ = {isa = PBXFileReference; lastKnownFileType = sourcecode.swift; path = WelcomeViewController.swift; sourceTree = "<group>"; };
		4DFE6C7E2721597700CBEEF0 /* UIFontExtension.swift */ = {isa = PBXFileReference; lastKnownFileType = sourcecode.swift; path = UIFontExtension.swift; sourceTree = "<group>"; };
		4DFE6C81272159B200CBEEF0 /* UIButtonExtension.swift */ = {isa = PBXFileReference; lastKnownFileType = sourcecode.swift; path = UIButtonExtension.swift; sourceTree = "<group>"; };
		4DFE6C832721972000CBEEF0 /* AuthViewController.swift */ = {isa = PBXFileReference; lastKnownFileType = sourcecode.swift; path = AuthViewController.swift; sourceTree = "<group>"; };
		4DFE6C862721A6A000CBEEF0 /* UIViewExtension.swift */ = {isa = PBXFileReference; lastKnownFileType = sourcecode.swift; path = UIViewExtension.swift; sourceTree = "<group>"; };
		519E665258F348DF791EA318 /* Pods-Tonmangram.release.xcconfig */ = {isa = PBXFileReference; includeInIndex = 1; lastKnownFileType = text.xcconfig; name = "Pods-Tonmangram.release.xcconfig"; path = "Target Support Files/Pods-Tonmangram/Pods-Tonmangram.release.xcconfig"; sourceTree = "<group>"; };
		52EBD316CC1D67183749BF29 /* Pods-TonmangramTests.release.xcconfig */ = {isa = PBXFileReference; includeInIndex = 1; lastKnownFileType = text.xcconfig; name = "Pods-TonmangramTests.release.xcconfig"; path = "Target Support Files/Pods-TonmangramTests/Pods-TonmangramTests.release.xcconfig"; sourceTree = "<group>"; };
		A90A3E9127C767B0F66A05FA /* Pods-Tonmangram.debug.xcconfig */ = {isa = PBXFileReference; includeInIndex = 1; lastKnownFileType = text.xcconfig; name = "Pods-Tonmangram.debug.xcconfig"; path = "Target Support Files/Pods-Tonmangram/Pods-Tonmangram.debug.xcconfig"; sourceTree = "<group>"; };
		C61D652F8459DDD77D3417AD /* Pods_TonmangramTests.framework */ = {isa = PBXFileReference; explicitFileType = wrapper.framework; includeInIndex = 0; path = Pods_TonmangramTests.framework; sourceTree = BUILT_PRODUCTS_DIR; };
		CF6677944676C7D5CBC09AF1 /* Pods_Tonmangram.framework */ = {isa = PBXFileReference; explicitFileType = wrapper.framework; includeInIndex = 0; path = Pods_Tonmangram.framework; sourceTree = BUILT_PRODUCTS_DIR; };
		DC2B8A021E4DA5300DAFCC11 /* Pods_Tonmangram_TonmangramUITests.framework */ = {isa = PBXFileReference; explicitFileType = wrapper.framework; includeInIndex = 0; path = Pods_Tonmangram_TonmangramUITests.framework; sourceTree = BUILT_PRODUCTS_DIR; };
		EBF38A5FCF670676FA9C707D /* Pods-Tonmangram-TonmangramUITests.release.xcconfig */ = {isa = PBXFileReference; includeInIndex = 1; lastKnownFileType = text.xcconfig; name = "Pods-Tonmangram-TonmangramUITests.release.xcconfig"; path = "Target Support Files/Pods-Tonmangram-TonmangramUITests/Pods-Tonmangram-TonmangramUITests.release.xcconfig"; sourceTree = "<group>"; };
/* End PBXFileReference section */

/* Begin PBXFrameworksBuildPhase section */
		4DFE6C4427214EB900CBEEF0 /* Frameworks */ = {
			isa = PBXFrameworksBuildPhase;
			buildActionMask = 2147483647;
			files = (
				07BB7817818AB87ADE236BBA /* Pods_Tonmangram.framework in Frameworks */,
			);
			runOnlyForDeploymentPostprocessing = 0;
		};
		4DFE6C5A27214EBD00CBEEF0 /* Frameworks */ = {
			isa = PBXFrameworksBuildPhase;
			buildActionMask = 2147483647;
			files = (
				F02030D59C756E03DB572864 /* Pods_TonmangramTests.framework in Frameworks */,
			);
			runOnlyForDeploymentPostprocessing = 0;
		};
		4DFE6C6527214EBD00CBEEF0 /* Frameworks */ = {
			isa = PBXFrameworksBuildPhase;
			buildActionMask = 2147483647;
			files = (
				1938EF9FED3998165F945B7B /* Pods_Tonmangram_TonmangramUITests.framework in Frameworks */,
			);
			runOnlyForDeploymentPostprocessing = 0;
		};
/* End PBXFrameworksBuildPhase section */

/* Begin PBXGroup section */
		156C056A88A785F2ECA82F05 /* Frameworks */ = {
			isa = PBXGroup;
			children = (
				CF6677944676C7D5CBC09AF1 /* Pods_Tonmangram.framework */,
				DC2B8A021E4DA5300DAFCC11 /* Pods_Tonmangram_TonmangramUITests.framework */,
				C61D652F8459DDD77D3417AD /* Pods_TonmangramTests.framework */,
			);
			name = Frameworks;
			sourceTree = "<group>";
		};
		2150298A417A7B110E432798 /* Pods */ = {
			isa = PBXGroup;
			children = (
				A90A3E9127C767B0F66A05FA /* Pods-Tonmangram.debug.xcconfig */,
				519E665258F348DF791EA318 /* Pods-Tonmangram.release.xcconfig */,
				2FC9EF59C380DB124C419321 /* Pods-Tonmangram-TonmangramUITests.debug.xcconfig */,
				EBF38A5FCF670676FA9C707D /* Pods-Tonmangram-TonmangramUITests.release.xcconfig */,
				2EEDD7DA4D46CF750491F48A /* Pods-TonmangramTests.debug.xcconfig */,
				52EBD316CC1D67183749BF29 /* Pods-TonmangramTests.release.xcconfig */,
			);
			path = Pods;
			sourceTree = "<group>";
		};
		4DFE6C3E27214EB900CBEEF0 = {
			isa = PBXGroup;
			children = (
				4DFE6C4927214EB900CBEEF0 /* Tonmangram */,
				4DFE6C6027214EBD00CBEEF0 /* TonmangramTests */,
				4DFE6C6B27214EBD00CBEEF0 /* TonmangramUITests */,
				4DFE6C4827214EB900CBEEF0 /* Products */,
				2150298A417A7B110E432798 /* Pods */,
				156C056A88A785F2ECA82F05 /* Frameworks */,
			);
			sourceTree = "<group>";
		};
		4DFE6C4827214EB900CBEEF0 /* Products */ = {
			isa = PBXGroup;
			children = (
				4DFE6C4727214EB900CBEEF0 /* Tonmangram.app */,
				4DFE6C5D27214EBD00CBEEF0 /* TonmangramTests.xctest */,
				4DFE6C6827214EBD00CBEEF0 /* TonmangramUITests.xctest */,
			);
			name = Products;
			sourceTree = "<group>";
		};
		4DFE6C4927214EB900CBEEF0 /* Tonmangram */ = {
			isa = PBXGroup;
			children = (
				4DFE6C7A2721553900CBEEF0 /* SupportFiles */,
				4DFE6C7D272156D900CBEEF0 /* AuthModule */,
				4DFE6C802721597B00CBEEF0 /* UIExtensions */,
			);
			path = Tonmangram;
			sourceTree = "<group>";
		};
		4DFE6C6027214EBD00CBEEF0 /* TonmangramTests */ = {
			isa = PBXGroup;
			children = (
				4DFE6C6127214EBD00CBEEF0 /* TonmangramTests.swift */,
				4DFE6C6327214EBD00CBEEF0 /* Info.plist */,
			);
			path = TonmangramTests;
			sourceTree = "<group>";
		};
		4DFE6C6B27214EBD00CBEEF0 /* TonmangramUITests */ = {
			isa = PBXGroup;
			children = (
				4DFE6C6C27214EBD00CBEEF0 /* TonmangramUITests.swift */,
				4DFE6C6E27214EBD00CBEEF0 /* Info.plist */,
			);
			path = TonmangramUITests;
			sourceTree = "<group>";
		};
		4DFE6C7A2721553900CBEEF0 /* SupportFiles */ = {
			isa = PBXGroup;
			children = (
				4DFE6C4A27214EB900CBEEF0 /* AppDelegate.swift */,
				4DFE6C5327214EBC00CBEEF0 /* Assets.xcassets */,
				4DFE6C5527214EBC00CBEEF0 /* LaunchScreen.storyboard */,
				4DFE6C5827214EBC00CBEEF0 /* Info.plist */,
			);
			path = SupportFiles;
			sourceTree = "<group>";
		};
		4DFE6C7D272156D900CBEEF0 /* AuthModule */ = {
			isa = PBXGroup;
			children = (
				4DFE6C852721972500CBEEF0 /* View */,
			);
			path = AuthModule;
			sourceTree = "<group>";
		};
		4DFE6C802721597B00CBEEF0 /* UIExtensions */ = {
			isa = PBXGroup;
			children = (
				4DFE6C7E2721597700CBEEF0 /* UIFontExtension.swift */,
				4DFE6C81272159B200CBEEF0 /* UIButtonExtension.swift */,
				4DFE6C862721A6A000CBEEF0 /* UIViewExtension.swift */,
			);
			path = UIExtensions;
			sourceTree = "<group>";
		};
		4DFE6C852721972500CBEEF0 /* View */ = {
			isa = PBXGroup;
			children = (
				4DFE6C7B2721556600CBEEF0 /* WelcomeViewController.swift */,
				4DFE6C832721972000CBEEF0 /* AuthViewController.swift */,
			);
			path = View;
			sourceTree = "<group>";
		};
/* End PBXGroup section */

/* Begin PBXNativeTarget section */
		4DFE6C4627214EB900CBEEF0 /* Tonmangram */ = {
			isa = PBXNativeTarget;
			buildConfigurationList = 4DFE6C7127214EBD00CBEEF0 /* Build configuration list for PBXNativeTarget "Tonmangram" */;
			buildPhases = (
				FDE93B6CFAD5450C8D122247 /* [CP] Check Pods Manifest.lock */,
				4DFE6C4327214EB900CBEEF0 /* Sources */,
				4DFE6C4427214EB900CBEEF0 /* Frameworks */,
				4DFE6C4527214EB900CBEEF0 /* Resources */,
				30753DC8F12DF34990ADFC58 /* [CP] Embed Pods Frameworks */,
			);
			buildRules = (
			);
			dependencies = (
			);
			name = Tonmangram;
			productName = Tonmangram;
			productReference = 4DFE6C4727214EB900CBEEF0 /* Tonmangram.app */;
			productType = "com.apple.product-type.application";
		};
		4DFE6C5C27214EBD00CBEEF0 /* TonmangramTests */ = {
			isa = PBXNativeTarget;
			buildConfigurationList = 4DFE6C7427214EBD00CBEEF0 /* Build configuration list for PBXNativeTarget "TonmangramTests" */;
			buildPhases = (
				18E4874A6734D3E7F2CECE9C /* [CP] Check Pods Manifest.lock */,
				4DFE6C5927214EBD00CBEEF0 /* Sources */,
				4DFE6C5A27214EBD00CBEEF0 /* Frameworks */,
				4DFE6C5B27214EBD00CBEEF0 /* Resources */,
				40A001B3E06A9E066C4B7413 /* [CP] Embed Pods Frameworks */,
			);
			buildRules = (
			);
			dependencies = (
				4DFE6C5F27214EBD00CBEEF0 /* PBXTargetDependency */,
			);
			name = TonmangramTests;
			productName = TonmangramTests;
			productReference = 4DFE6C5D27214EBD00CBEEF0 /* TonmangramTests.xctest */;
			productType = "com.apple.product-type.bundle.unit-test";
		};
		4DFE6C6727214EBD00CBEEF0 /* TonmangramUITests */ = {
			isa = PBXNativeTarget;
			buildConfigurationList = 4DFE6C7727214EBD00CBEEF0 /* Build configuration list for PBXNativeTarget "TonmangramUITests" */;
			buildPhases = (
				47D984BC76D55996BAC583DC /* [CP] Check Pods Manifest.lock */,
				4DFE6C6427214EBD00CBEEF0 /* Sources */,
				4DFE6C6527214EBD00CBEEF0 /* Frameworks */,
				4DFE6C6627214EBD00CBEEF0 /* Resources */,
				51DCFDE9BF482A928739F46D /* [CP] Embed Pods Frameworks */,
			);
			buildRules = (
			);
			dependencies = (
				4DFE6C6A27214EBD00CBEEF0 /* PBXTargetDependency */,
			);
			name = TonmangramUITests;
			productName = TonmangramUITests;
			productReference = 4DFE6C6827214EBD00CBEEF0 /* TonmangramUITests.xctest */;
			productType = "com.apple.product-type.bundle.ui-testing";
		};
/* End PBXNativeTarget section */

/* Begin PBXProject section */
		4DFE6C3F27214EB900CBEEF0 /* Project object */ = {
			isa = PBXProject;
			attributes = {
				LastSwiftUpdateCheck = 1250;
				LastUpgradeCheck = 1250;
				TargetAttributes = {
					4DFE6C4627214EB900CBEEF0 = {
						CreatedOnToolsVersion = 12.5.1;
					};
					4DFE6C5C27214EBD00CBEEF0 = {
						CreatedOnToolsVersion = 12.5.1;
						TestTargetID = 4DFE6C4627214EB900CBEEF0;
					};
					4DFE6C6727214EBD00CBEEF0 = {
						CreatedOnToolsVersion = 12.5.1;
						TestTargetID = 4DFE6C4627214EB900CBEEF0;
					};
				};
			};
			buildConfigurationList = 4DFE6C4227214EB900CBEEF0 /* Build configuration list for PBXProject "Tonmangram" */;
			compatibilityVersion = "Xcode 9.3";
			developmentRegion = en;
			hasScannedForEncodings = 0;
			knownRegions = (
				en,
				Base,
			);
			mainGroup = 4DFE6C3E27214EB900CBEEF0;
			productRefGroup = 4DFE6C4827214EB900CBEEF0 /* Products */;
			projectDirPath = "";
			projectRoot = "";
			targets = (
				4DFE6C4627214EB900CBEEF0 /* Tonmangram */,
				4DFE6C5C27214EBD00CBEEF0 /* TonmangramTests */,
				4DFE6C6727214EBD00CBEEF0 /* TonmangramUITests */,
			);
		};
/* End PBXProject section */

/* Begin PBXResourcesBuildPhase section */
		4DFE6C4527214EB900CBEEF0 /* Resources */ = {
			isa = PBXResourcesBuildPhase;
			buildActionMask = 2147483647;
			files = (
				4DFE6C5727214EBC00CBEEF0 /* LaunchScreen.storyboard in Resources */,
				4DFE6C5427214EBC00CBEEF0 /* Assets.xcassets in Resources */,
			);
			runOnlyForDeploymentPostprocessing = 0;
		};
		4DFE6C5B27214EBD00CBEEF0 /* Resources */ = {
			isa = PBXResourcesBuildPhase;
			buildActionMask = 2147483647;
			files = (
			);
			runOnlyForDeploymentPostprocessing = 0;
		};
		4DFE6C6627214EBD00CBEEF0 /* Resources */ = {
			isa = PBXResourcesBuildPhase;
			buildActionMask = 2147483647;
			files = (
			);
			runOnlyForDeploymentPostprocessing = 0;
		};
/* End PBXResourcesBuildPhase section */

/* Begin PBXShellScriptBuildPhase section */
		18E4874A6734D3E7F2CECE9C /* [CP] Check Pods Manifest.lock */ = {
			isa = PBXShellScriptBuildPhase;
			buildActionMask = 2147483647;
			files = (
			);
			inputFileListPaths = (
			);
			inputPaths = (
				"${PODS_PODFILE_DIR_PATH}/Podfile.lock",
				"${PODS_ROOT}/Manifest.lock",
			);
			name = "[CP] Check Pods Manifest.lock";
			outputFileListPaths = (
			);
			outputPaths = (
				"$(DERIVED_FILE_DIR)/Pods-TonmangramTests-checkManifestLockResult.txt",
			);
			runOnlyForDeploymentPostprocessing = 0;
			shellPath = /bin/sh;
			shellScript = "diff \"${PODS_PODFILE_DIR_PATH}/Podfile.lock\" \"${PODS_ROOT}/Manifest.lock\" > /dev/null\nif [ $? != 0 ] ; then\n    # print error to STDERR\n    echo \"error: The sandbox is not in sync with the Podfile.lock. Run 'pod install' or update your CocoaPods installation.\" >&2\n    exit 1\nfi\n# This output is used by Xcode 'outputs' to avoid re-running this script phase.\necho \"SUCCESS\" > \"${SCRIPT_OUTPUT_FILE_0}\"\n";
			showEnvVarsInLog = 0;
		};
		30753DC8F12DF34990ADFC58 /* [CP] Embed Pods Frameworks */ = {
			isa = PBXShellScriptBuildPhase;
			buildActionMask = 2147483647;
			files = (
			);
			inputFileListPaths = (
				"${PODS_ROOT}/Target Support Files/Pods-Tonmangram/Pods-Tonmangram-frameworks-${CONFIGURATION}-input-files.xcfilelist",
			);
			name = "[CP] Embed Pods Frameworks";
			outputFileListPaths = (
				"${PODS_ROOT}/Target Support Files/Pods-Tonmangram/Pods-Tonmangram-frameworks-${CONFIGURATION}-output-files.xcfilelist",
			);
			runOnlyForDeploymentPostprocessing = 0;
			shellPath = /bin/sh;
			shellScript = "\"${PODS_ROOT}/Target Support Files/Pods-Tonmangram/Pods-Tonmangram-frameworks.sh\"\n";
			showEnvVarsInLog = 0;
		};
		40A001B3E06A9E066C4B7413 /* [CP] Embed Pods Frameworks */ = {
			isa = PBXShellScriptBuildPhase;
			buildActionMask = 2147483647;
			files = (
			);
			inputFileListPaths = (
				"${PODS_ROOT}/Target Support Files/Pods-TonmangramTests/Pods-TonmangramTests-frameworks-${CONFIGURATION}-input-files.xcfilelist",
			);
			name = "[CP] Embed Pods Frameworks";
			outputFileListPaths = (
				"${PODS_ROOT}/Target Support Files/Pods-TonmangramTests/Pods-TonmangramTests-frameworks-${CONFIGURATION}-output-files.xcfilelist",
			);
			runOnlyForDeploymentPostprocessing = 0;
			shellPath = /bin/sh;
			shellScript = "\"${PODS_ROOT}/Target Support Files/Pods-TonmangramTests/Pods-TonmangramTests-frameworks.sh\"\n";
			showEnvVarsInLog = 0;
		};
		47D984BC76D55996BAC583DC /* [CP] Check Pods Manifest.lock */ = {
			isa = PBXShellScriptBuildPhase;
			buildActionMask = 2147483647;
			files = (
			);
			inputFileListPaths = (
			);
			inputPaths = (
				"${PODS_PODFILE_DIR_PATH}/Podfile.lock",
				"${PODS_ROOT}/Manifest.lock",
			);
			name = "[CP] Check Pods Manifest.lock";
			outputFileListPaths = (
			);
			outputPaths = (
				"$(DERIVED_FILE_DIR)/Pods-Tonmangram-TonmangramUITests-checkManifestLockResult.txt",
			);
			runOnlyForDeploymentPostprocessing = 0;
			shellPath = /bin/sh;
			shellScript = "diff \"${PODS_PODFILE_DIR_PATH}/Podfile.lock\" \"${PODS_ROOT}/Manifest.lock\" > /dev/null\nif [ $? != 0 ] ; then\n    # print error to STDERR\n    echo \"error: The sandbox is not in sync with the Podfile.lock. Run 'pod install' or update your CocoaPods installation.\" >&2\n    exit 1\nfi\n# This output is used by Xcode 'outputs' to avoid re-running this script phase.\necho \"SUCCESS\" > \"${SCRIPT_OUTPUT_FILE_0}\"\n";
			showEnvVarsInLog = 0;
		};
		51DCFDE9BF482A928739F46D /* [CP] Embed Pods Frameworks */ = {
			isa = PBXShellScriptBuildPhase;
			buildActionMask = 2147483647;
			files = (
			);
			inputFileListPaths = (
				"${PODS_ROOT}/Target Support Files/Pods-Tonmangram-TonmangramUITests/Pods-Tonmangram-TonmangramUITests-frameworks-${CONFIGURATION}-input-files.xcfilelist",
			);
			name = "[CP] Embed Pods Frameworks";
			outputFileListPaths = (
				"${PODS_ROOT}/Target Support Files/Pods-Tonmangram-TonmangramUITests/Pods-Tonmangram-TonmangramUITests-frameworks-${CONFIGURATION}-output-files.xcfilelist",
			);
			runOnlyForDeploymentPostprocessing = 0;
			shellPath = /bin/sh;
			shellScript = "\"${PODS_ROOT}/Target Support Files/Pods-Tonmangram-TonmangramUITests/Pods-Tonmangram-TonmangramUITests-frameworks.sh\"\n";
			showEnvVarsInLog = 0;
		};
		FDE93B6CFAD5450C8D122247 /* [CP] Check Pods Manifest.lock */ = {
			isa = PBXShellScriptBuildPhase;
			buildActionMask = 2147483647;
			files = (
			);
			inputFileListPaths = (
			);
			inputPaths = (
				"${PODS_PODFILE_DIR_PATH}/Podfile.lock",
				"${PODS_ROOT}/Manifest.lock",
			);
			name = "[CP] Check Pods Manifest.lock";
			outputFileListPaths = (
			);
			outputPaths = (
				"$(DERIVED_FILE_DIR)/Pods-Tonmangram-checkManifestLockResult.txt",
			);
			runOnlyForDeploymentPostprocessing = 0;
			shellPath = /bin/sh;
			shellScript = "diff \"${PODS_PODFILE_DIR_PATH}/Podfile.lock\" \"${PODS_ROOT}/Manifest.lock\" > /dev/null\nif [ $? != 0 ] ; then\n    # print error to STDERR\n    echo \"error: The sandbox is not in sync with the Podfile.lock. Run 'pod install' or update your CocoaPods installation.\" >&2\n    exit 1\nfi\n# This output is used by Xcode 'outputs' to avoid re-running this script phase.\necho \"SUCCESS\" > \"${SCRIPT_OUTPUT_FILE_0}\"\n";
			showEnvVarsInLog = 0;
		};
/* End PBXShellScriptBuildPhase section */

/* Begin PBXSourcesBuildPhase section */
		4DFE6C4327214EB900CBEEF0 /* Sources */ = {
			isa = PBXSourcesBuildPhase;
			buildActionMask = 2147483647;
			files = (
				4DFE6C4B27214EB900CBEEF0 /* AppDelegate.swift in Sources */,
				4DFE6C872721A6A000CBEEF0 /* UIViewExtension.swift in Sources */,
				4DFE6C82272159B200CBEEF0 /* UIButtonExtension.swift in Sources */,
				4DFE6C842721972000CBEEF0 /* AuthViewController.swift in Sources */,
				4DFE6C7F2721597700CBEEF0 /* UIFontExtension.swift in Sources */,
				4DFE6C7C2721556600CBEEF0 /* WelcomeViewController.swift in Sources */,
			);
			runOnlyForDeploymentPostprocessing = 0;
		};
		4DFE6C5927214EBD00CBEEF0 /* Sources */ = {
			isa = PBXSourcesBuildPhase;
			buildActionMask = 2147483647;
			files = (
				4DFE6C6227214EBD00CBEEF0 /* TonmangramTests.swift in Sources */,
			);
			runOnlyForDeploymentPostprocessing = 0;
		};
		4DFE6C6427214EBD00CBEEF0 /* Sources */ = {
			isa = PBXSourcesBuildPhase;
			buildActionMask = 2147483647;
			files = (
				4DFE6C6D27214EBD00CBEEF0 /* TonmangramUITests.swift in Sources */,
			);
			runOnlyForDeploymentPostprocessing = 0;
		};
/* End PBXSourcesBuildPhase section */

/* Begin PBXTargetDependency section */
		4DFE6C5F27214EBD00CBEEF0 /* PBXTargetDependency */ = {
			isa = PBXTargetDependency;
			target = 4DFE6C4627214EB900CBEEF0 /* Tonmangram */;
			targetProxy = 4DFE6C5E27214EBD00CBEEF0 /* PBXContainerItemProxy */;
		};
		4DFE6C6A27214EBD00CBEEF0 /* PBXTargetDependency */ = {
			isa = PBXTargetDependency;
			target = 4DFE6C4627214EB900CBEEF0 /* Tonmangram */;
			targetProxy = 4DFE6C6927214EBD00CBEEF0 /* PBXContainerItemProxy */;
		};
/* End PBXTargetDependency section */

/* Begin PBXVariantGroup section */
		4DFE6C5527214EBC00CBEEF0 /* LaunchScreen.storyboard */ = {
			isa = PBXVariantGroup;
			children = (
				4DFE6C5627214EBC00CBEEF0 /* Base */,
			);
			name = LaunchScreen.storyboard;
			sourceTree = "<group>";
		};
/* End PBXVariantGroup section */

/* Begin XCBuildConfiguration section */
		4DFE6C6F27214EBD00CBEEF0 /* Debug */ = {
			isa = XCBuildConfiguration;
			buildSettings = {
				ALWAYS_SEARCH_USER_PATHS = NO;
				CLANG_ANALYZER_NONNULL = YES;
				CLANG_ANALYZER_NUMBER_OBJECT_CONVERSION = YES_AGGRESSIVE;
				CLANG_CXX_LANGUAGE_STANDARD = "gnu++14";
				CLANG_CXX_LIBRARY = "libc++";
				CLANG_ENABLE_MODULES = YES;
				CLANG_ENABLE_OBJC_ARC = YES;
				CLANG_ENABLE_OBJC_WEAK = YES;
				CLANG_WARN_BLOCK_CAPTURE_AUTORELEASING = YES;
				CLANG_WARN_BOOL_CONVERSION = YES;
				CLANG_WARN_COMMA = YES;
				CLANG_WARN_CONSTANT_CONVERSION = YES;
				CLANG_WARN_DEPRECATED_OBJC_IMPLEMENTATIONS = YES;
				CLANG_WARN_DIRECT_OBJC_ISA_USAGE = YES_ERROR;
				CLANG_WARN_DOCUMENTATION_COMMENTS = YES;
				CLANG_WARN_EMPTY_BODY = YES;
				CLANG_WARN_ENUM_CONVERSION = YES;
				CLANG_WARN_INFINITE_RECURSION = YES;
				CLANG_WARN_INT_CONVERSION = YES;
				CLANG_WARN_NON_LITERAL_NULL_CONVERSION = YES;
				CLANG_WARN_OBJC_IMPLICIT_RETAIN_SELF = YES;
				CLANG_WARN_OBJC_LITERAL_CONVERSION = YES;
				CLANG_WARN_OBJC_ROOT_CLASS = YES_ERROR;
				CLANG_WARN_QUOTED_INCLUDE_IN_FRAMEWORK_HEADER = YES;
				CLANG_WARN_RANGE_LOOP_ANALYSIS = YES;
				CLANG_WARN_STRICT_PROTOTYPES = YES;
				CLANG_WARN_SUSPICIOUS_MOVE = YES;
				CLANG_WARN_UNGUARDED_AVAILABILITY = YES_AGGRESSIVE;
				CLANG_WARN_UNREACHABLE_CODE = YES;
				CLANG_WARN__DUPLICATE_METHOD_MATCH = YES;
				COPY_PHASE_STRIP = NO;
				DEBUG_INFORMATION_FORMAT = dwarf;
				ENABLE_STRICT_OBJC_MSGSEND = YES;
				ENABLE_TESTABILITY = YES;
				GCC_C_LANGUAGE_STANDARD = gnu11;
				GCC_DYNAMIC_NO_PIC = NO;
				GCC_NO_COMMON_BLOCKS = YES;
				GCC_OPTIMIZATION_LEVEL = 0;
				GCC_PREPROCESSOR_DEFINITIONS = (
					"DEBUG=1",
					"$(inherited)",
				);
				GCC_WARN_64_TO_32_BIT_CONVERSION = YES;
				GCC_WARN_ABOUT_RETURN_TYPE = YES_ERROR;
				GCC_WARN_UNDECLARED_SELECTOR = YES;
				GCC_WARN_UNINITIALIZED_AUTOS = YES_AGGRESSIVE;
				GCC_WARN_UNUSED_FUNCTION = YES;
				GCC_WARN_UNUSED_VARIABLE = YES;
				IPHONEOS_DEPLOYMENT_TARGET = 14.5;
				MTL_ENABLE_DEBUG_INFO = INCLUDE_SOURCE;
				MTL_FAST_MATH = YES;
				ONLY_ACTIVE_ARCH = YES;
				SDKROOT = iphoneos;
				SWIFT_ACTIVE_COMPILATION_CONDITIONS = DEBUG;
				SWIFT_OPTIMIZATION_LEVEL = "-Onone";
			};
			name = Debug;
		};
		4DFE6C7027214EBD00CBEEF0 /* Release */ = {
			isa = XCBuildConfiguration;
			buildSettings = {
				ALWAYS_SEARCH_USER_PATHS = NO;
				CLANG_ANALYZER_NONNULL = YES;
				CLANG_ANALYZER_NUMBER_OBJECT_CONVERSION = YES_AGGRESSIVE;
				CLANG_CXX_LANGUAGE_STANDARD = "gnu++14";
				CLANG_CXX_LIBRARY = "libc++";
				CLANG_ENABLE_MODULES = YES;
				CLANG_ENABLE_OBJC_ARC = YES;
				CLANG_ENABLE_OBJC_WEAK = YES;
				CLANG_WARN_BLOCK_CAPTURE_AUTORELEASING = YES;
				CLANG_WARN_BOOL_CONVERSION = YES;
				CLANG_WARN_COMMA = YES;
				CLANG_WARN_CONSTANT_CONVERSION = YES;
				CLANG_WARN_DEPRECATED_OBJC_IMPLEMENTATIONS = YES;
				CLANG_WARN_DIRECT_OBJC_ISA_USAGE = YES_ERROR;
				CLANG_WARN_DOCUMENTATION_COMMENTS = YES;
				CLANG_WARN_EMPTY_BODY = YES;
				CLANG_WARN_ENUM_CONVERSION = YES;
				CLANG_WARN_INFINITE_RECURSION = YES;
				CLANG_WARN_INT_CONVERSION = YES;
				CLANG_WARN_NON_LITERAL_NULL_CONVERSION = YES;
				CLANG_WARN_OBJC_IMPLICIT_RETAIN_SELF = YES;
				CLANG_WARN_OBJC_LITERAL_CONVERSION = YES;
				CLANG_WARN_OBJC_ROOT_CLASS = YES_ERROR;
				CLANG_WARN_QUOTED_INCLUDE_IN_FRAMEWORK_HEADER = YES;
				CLANG_WARN_RANGE_LOOP_ANALYSIS = YES;
				CLANG_WARN_STRICT_PROTOTYPES = YES;
				CLANG_WARN_SUSPICIOUS_MOVE = YES;
				CLANG_WARN_UNGUARDED_AVAILABILITY = YES_AGGRESSIVE;
				CLANG_WARN_UNREACHABLE_CODE = YES;
				CLANG_WARN__DUPLICATE_METHOD_MATCH = YES;
				COPY_PHASE_STRIP = NO;
				DEBUG_INFORMATION_FORMAT = "dwarf-with-dsym";
				ENABLE_NS_ASSERTIONS = NO;
				ENABLE_STRICT_OBJC_MSGSEND = YES;
				GCC_C_LANGUAGE_STANDARD = gnu11;
				GCC_NO_COMMON_BLOCKS = YES;
				GCC_WARN_64_TO_32_BIT_CONVERSION = YES;
				GCC_WARN_ABOUT_RETURN_TYPE = YES_ERROR;
				GCC_WARN_UNDECLARED_SELECTOR = YES;
				GCC_WARN_UNINITIALIZED_AUTOS = YES_AGGRESSIVE;
				GCC_WARN_UNUSED_FUNCTION = YES;
				GCC_WARN_UNUSED_VARIABLE = YES;
				IPHONEOS_DEPLOYMENT_TARGET = 14.5;
				MTL_ENABLE_DEBUG_INFO = NO;
				MTL_FAST_MATH = YES;
				SDKROOT = iphoneos;
				SWIFT_COMPILATION_MODE = wholemodule;
				SWIFT_OPTIMIZATION_LEVEL = "-O";
				VALIDATE_PRODUCT = YES;
			};
			name = Release;
		};
		4DFE6C7227214EBD00CBEEF0 /* Debug */ = {
			isa = XCBuildConfiguration;
			baseConfigurationReference = A90A3E9127C767B0F66A05FA /* Pods-Tonmangram.debug.xcconfig */;
			buildSettings = {
				ASSETCATALOG_COMPILER_APPICON_NAME = AppIcon;
				ASSETCATALOG_COMPILER_GLOBAL_ACCENT_COLOR_NAME = AccentColor;
				CODE_SIGN_STYLE = Automatic;
				DEVELOPMENT_TEAM = 2P9R7X2AHQ;
				INFOPLIST_FILE = Tonmangram/SupportFiles/Info.plist;
				LD_RUNPATH_SEARCH_PATHS = (
					"$(inherited)",
					"@executable_path/Frameworks",
				);
				PRODUCT_BUNDLE_IDENTIFIER = com.pluton.Tonmangram;
				PRODUCT_NAME = "$(TARGET_NAME)";
				SWIFT_VERSION = 5.0;
				TARGETED_DEVICE_FAMILY = "1,2";
			};
			name = Debug;
		};
		4DFE6C7327214EBD00CBEEF0 /* Release */ = {
			isa = XCBuildConfiguration;
			baseConfigurationReference = 519E665258F348DF791EA318 /* Pods-Tonmangram.release.xcconfig */;
			buildSettings = {
				ASSETCATALOG_COMPILER_APPICON_NAME = AppIcon;
				ASSETCATALOG_COMPILER_GLOBAL_ACCENT_COLOR_NAME = AccentColor;
				CODE_SIGN_STYLE = Automatic;
				DEVELOPMENT_TEAM = 2P9R7X2AHQ;
				INFOPLIST_FILE = Tonmangram/SupportFiles/Info.plist;
				LD_RUNPATH_SEARCH_PATHS = (
					"$(inherited)",
					"@executable_path/Frameworks",
				);
				PRODUCT_BUNDLE_IDENTIFIER = com.pluton.Tonmangram;
				PRODUCT_NAME = "$(TARGET_NAME)";
				SWIFT_VERSION = 5.0;
				TARGETED_DEVICE_FAMILY = "1,2";
			};
			name = Release;
		};
		4DFE6C7527214EBD00CBEEF0 /* Debug */ = {
			isa = XCBuildConfiguration;
			baseConfigurationReference = 2EEDD7DA4D46CF750491F48A /* Pods-TonmangramTests.debug.xcconfig */;
			buildSettings = {
				ALWAYS_EMBED_SWIFT_STANDARD_LIBRARIES = YES;
				BUNDLE_LOADER = "$(TEST_HOST)";
				CODE_SIGN_STYLE = Automatic;
				DEVELOPMENT_TEAM = 2P9R7X2AHQ;
				INFOPLIST_FILE = TonmangramTests/Info.plist;
				IPHONEOS_DEPLOYMENT_TARGET = 14.5;
				LD_RUNPATH_SEARCH_PATHS = (
					"$(inherited)",
					"@executable_path/Frameworks",
					"@loader_path/Frameworks",
				);
				PRODUCT_BUNDLE_IDENTIFIER = com.pluton.TonmangramTests;
				PRODUCT_NAME = "$(TARGET_NAME)";
				SWIFT_VERSION = 5.0;
				TARGETED_DEVICE_FAMILY = "1,2";
				TEST_HOST = "$(BUILT_PRODUCTS_DIR)/Tonmangram.app/Tonmangram";
			};
			name = Debug;
		};
		4DFE6C7627214EBD00CBEEF0 /* Release */ = {
			isa = XCBuildConfiguration;
			baseConfigurationReference = 52EBD316CC1D67183749BF29 /* Pods-TonmangramTests.release.xcconfig */;
			buildSettings = {
				ALWAYS_EMBED_SWIFT_STANDARD_LIBRARIES = YES;
				BUNDLE_LOADER = "$(TEST_HOST)";
				CODE_SIGN_STYLE = Automatic;
				DEVELOPMENT_TEAM = 2P9R7X2AHQ;
				INFOPLIST_FILE = TonmangramTests/Info.plist;
				IPHONEOS_DEPLOYMENT_TARGET = 14.5;
				LD_RUNPATH_SEARCH_PATHS = (
					"$(inherited)",
					"@executable_path/Frameworks",
					"@loader_path/Frameworks",
				);
				PRODUCT_BUNDLE_IDENTIFIER = com.pluton.TonmangramTests;
				PRODUCT_NAME = "$(TARGET_NAME)";
				SWIFT_VERSION = 5.0;
				TARGETED_DEVICE_FAMILY = "1,2";
				TEST_HOST = "$(BUILT_PRODUCTS_DIR)/Tonmangram.app/Tonmangram";
			};
			name = Release;
		};
		4DFE6C7827214EBD00CBEEF0 /* Debug */ = {
			isa = XCBuildConfiguration;
			baseConfigurationReference = 2FC9EF59C380DB124C419321 /* Pods-Tonmangram-TonmangramUITests.debug.xcconfig */;
			buildSettings = {
				ALWAYS_EMBED_SWIFT_STANDARD_LIBRARIES = YES;
				CODE_SIGN_STYLE = Automatic;
				DEVELOPMENT_TEAM = 2P9R7X2AHQ;
				INFOPLIST_FILE = TonmangramUITests/Info.plist;
				LD_RUNPATH_SEARCH_PATHS = (
					"$(inherited)",
					"@executable_path/Frameworks",
					"@loader_path/Frameworks",
				);
				PRODUCT_BUNDLE_IDENTIFIER = com.pluton.TonmangramUITests;
				PRODUCT_NAME = "$(TARGET_NAME)";
				SWIFT_VERSION = 5.0;
				TARGETED_DEVICE_FAMILY = "1,2";
				TEST_TARGET_NAME = Tonmangram;
			};
			name = Debug;
		};
		4DFE6C7927214EBD00CBEEF0 /* Release */ = {
			isa = XCBuildConfiguration;
			baseConfigurationReference = EBF38A5FCF670676FA9C707D /* Pods-Tonmangram-TonmangramUITests.release.xcconfig */;
			buildSettings = {
				ALWAYS_EMBED_SWIFT_STANDARD_LIBRARIES = YES;
				CODE_SIGN_STYLE = Automatic;
				DEVELOPMENT_TEAM = 2P9R7X2AHQ;
				INFOPLIST_FILE = TonmangramUITests/Info.plist;
				LD_RUNPATH_SEARCH_PATHS = (
					"$(inherited)",
					"@executable_path/Frameworks",
					"@loader_path/Frameworks",
				);
				PRODUCT_BUNDLE_IDENTIFIER = com.pluton.TonmangramUITests;
				PRODUCT_NAME = "$(TARGET_NAME)";
				SWIFT_VERSION = 5.0;
				TARGETED_DEVICE_FAMILY = "1,2";
				TEST_TARGET_NAME = Tonmangram;
			};
			name = Release;
		};
/* End XCBuildConfiguration section */

/* Begin XCConfigurationList section */
		4DFE6C4227214EB900CBEEF0 /* Build configuration list for PBXProject "Tonmangram" */ = {
			isa = XCConfigurationList;
			buildConfigurations = (
				4DFE6C6F27214EBD00CBEEF0 /* Debug */,
				4DFE6C7027214EBD00CBEEF0 /* Release */,
			);
			defaultConfigurationIsVisible = 0;
			defaultConfigurationName = Release;
		};
		4DFE6C7127214EBD00CBEEF0 /* Build configuration list for PBXNativeTarget "Tonmangram" */ = {
			isa = XCConfigurationList;
			buildConfigurations = (
				4DFE6C7227214EBD00CBEEF0 /* Debug */,
				4DFE6C7327214EBD00CBEEF0 /* Release */,
			);
			defaultConfigurationIsVisible = 0;
			defaultConfigurationName = Release;
		};
		4DFE6C7427214EBD00CBEEF0 /* Build configuration list for PBXNativeTarget "TonmangramTests" */ = {
			isa = XCConfigurationList;
			buildConfigurations = (
				4DFE6C7527214EBD00CBEEF0 /* Debug */,
				4DFE6C7627214EBD00CBEEF0 /* Release */,
			);
			defaultConfigurationIsVisible = 0;
			defaultConfigurationName = Release;
		};
		4DFE6C7727214EBD00CBEEF0 /* Build configuration list for PBXNativeTarget "TonmangramUITests" */ = {
			isa = XCConfigurationList;
			buildConfigurations = (
				4DFE6C7827214EBD00CBEEF0 /* Debug */,
				4DFE6C7927214EBD00CBEEF0 /* Release */,
			);
			defaultConfigurationIsVisible = 0;
			defaultConfigurationName = Release;
		};
/* End XCConfigurationList section */
	};
	rootObject = 4DFE6C3F27214EB900CBEEF0 /* Project object */;
}
